
Microsoft Visual Studio Solution File, Format Version 12.00
# Visual Studio 2013
VisualStudioVersion = 12.0.21005.1
MinimumVisualStudioVersion = 10.0.40219.1
Project("{2150E333-8FDC-42A3-9474-1A3956D46DE8}") = "AccessData", "AccessData", "{8EBC95BA-2601-4DE0-A6CA-FCE42404581B}"
EndProject
Project("{FAE04EC0-301F-11D3-BF4B-00C04F79EFBC}") = "W2D.AccesData", "W2D.AccesData\W2D.AccesData.csproj", "{3358AF01-0E1F-48B5-AE0D-079450B53385}"
EndProject
Project("{2150E333-8FDC-42A3-9474-1A3956D46DE8}") = "Domain", "Domain", "{AD018D72-0927-41C4-9EBB-C054A16C6500}"
EndProject
Project("{FAE04EC0-301F-11D3-BF4B-00C04F79EFBC}") = "W2D.Domain.Entities", "W2D.Domain.Entities\W2D.Domain.Entities.csproj", "{633B4C45-65B5-4994-93E3-DFC968E3934F}"
EndProject
Project("{2150E333-8FDC-42A3-9474-1A3956D46DE8}") = "Repository", "Repository", "{BB39396A-03E5-46EB-BFDD-31FAA65FF461}"
EndProject
Project("{FAE04EC0-301F-11D3-BF4B-00C04F79EFBC}") = "W2D.Repository", "W2D.Repository\W2D.Repository.csproj", "{7005AC69-1FEA-4C43-A9F2-9B9512A99439}"
EndProject
Project("{2150E333-8FDC-42A3-9474-1A3956D46DE8}") = "Service", "Service", "{8FACD072-CE5F-4BAB-B59E-B040C1FF2754}"
EndProject
Project("{FAE04EC0-301F-11D3-BF4B-00C04F79EFBC}") = "W2D.Service", "W2D.Service\W2D.Service.csproj", "{BE69778E-3608-4ED5-B80F-F5A041639431}"
EndProject
Project("{2150E333-8FDC-42A3-9474-1A3956D46DE8}") = "Presentation", "Presentation", "{61F382F1-1949-4023-A559-44DE0C80073D}"
EndProject
Project("{FAE04EC0-301F-11D3-BF4B-00C04F79EFBC}") = "W2D.MVC", "W2D.MVC\W2D.MVC.csproj", "{0FAC5599-D896-49F2-85B6-2166A6F3C180}"
EndProject
Global
	GlobalSection(SolutionConfigurationPlatforms) = preSolution
		Debug|Any CPU = Debug|Any CPU
		Release|Any CPU = Release|Any CPU
	EndGlobalSection
	GlobalSection(ProjectConfigurationPlatforms) = postSolution
		{3358AF01-0E1F-48B5-AE0D-079450B53385}.Debug|Any CPU.ActiveCfg = Debug|Any CPU
		{3358AF01-0E1F-48B5-AE0D-079450B53385}.Debug|Any CPU.Build.0 = Debug|Any CPU
		{3358AF01-0E1F-48B5-AE0D-079450B53385}.Release|Any CPU.ActiveCfg = Release|Any CPU
		{3358AF01-0E1F-48B5-AE0D-079450B53385}.Release|Any CPU.Build.0 = Release|Any CPU
		{633B4C45-65B5-4994-93E3-DFC968E3934F}.Debug|Any CPU.ActiveCfg = Debug|Any CPU
		{633B4C45-65B5-4994-93E3-DFC968E3934F}.Debug|Any CPU.Build.0 = Debug|Any CPU
		{633B4C45-65B5-4994-93E3-DFC968E3934F}.Release|Any CPU.ActiveCfg = Release|Any CPU
		{633B4C45-65B5-4994-93E3-DFC968E3934F}.Release|Any CPU.Build.0 = Release|Any CPU
		{7005AC69-1FEA-4C43-A9F2-9B9512A99439}.Debug|Any CPU.ActiveCfg = Debug|Any CPU
		{7005AC69-1FEA-4C43-A9F2-9B9512A99439}.Debug|Any CPU.Build.0 = Debug|Any CPU
		{7005AC69-1FEA-4C43-A9F2-9B9512A99439}.Release|Any CPU.ActiveCfg = Release|Any CPU
		{7005AC69-1FEA-4C43-A9F2-9B9512A99439}.Release|Any CPU.Build.0 = Release|Any CPU
		{BE69778E-3608-4ED5-B80F-F5A041639431}.Debug|Any CPU.ActiveCfg = Debug|Any CPU
		{BE69778E-3608-4ED5-B80F-F5A041639431}.Debug|Any CPU.Build.0 = Debug|Any CPU
		{BE69778E-3608-4ED5-B80F-F5A041639431}.Release|Any CPU.ActiveCfg = Release|Any CPU
		{BE69778E-3608-4ED5-B80F-F5A041639431}.Release|Any CPU.Build.0 = Release|Any CPU
		{0FAC5599-D896-49F2-85B6-2166A6F3C180}.Debug|Any CPU.ActiveCfg = Debug|Any CPU
		{0FAC5599-D896-49F2-85B6-2166A6F3C180}.Debug|Any CPU.Build.0 = Debug|Any CPU
		{0FAC5599-D896-49F2-85B6-2166A6F3C180}.Release|Any CPU.ActiveCfg = Release|Any CPU
		{0FAC5599-D896-49F2-85B6-2166A6F3C180}.Release|Any CPU.Build.0 = Release|Any CPU
	EndGlobalSection
	GlobalSection(SolutionProperties) = preSolution
		HideSolutionNode = FALSE
	EndGlobalSection
	GlobalSection(NestedProjects) = preSolution
		{3358AF01-0E1F-48B5-AE0D-079450B53385} = {8EBC95BA-2601-4DE0-A6CA-FCE42404581B}
		{633B4C45-65B5-4994-93E3-DFC968E3934F} = {AD018D72-0927-41C4-9EBB-C054A16C6500}
		{7005AC69-1FEA-4C43-A9F2-9B9512A99439} = {BB39396A-03E5-46EB-BFDD-31FAA65FF461}
		{BE69778E-3608-4ED5-B80F-F5A041639431} = {8FACD072-CE5F-4BAB-B59E-B040C1FF2754}
		{0FAC5599-D896-49F2-85B6-2166A6F3C180} = {61F382F1-1949-4023-A559-44DE0C80073D}
	EndGlobalSection
	GlobalSection(ExtensibilityGlobals) = postSolution
		EnterpriseLibraryConfigurationToolBinariesPath = packages\Unity.2.1.505.2\lib\NET35
	EndGlobalSection
EndGlobal
